{
  "originHash" : "c9ae7229025667294e2fb6d6eca4575f7261c86622e65df98f53c3074c9e2a38",
  "pins" : [
    {
      "identity" : "contextmenu",
      "kind" : "remoteSourceControl",
      "location" : "https://github.com/nukakmetro/ContextMenu",
      "state" : {
        "revision" : "81e0fc3d955ce602e2fdfafc1c4fcb347513698f",
        "version" : "1.0.4"
      }
    }
  ],
  "version" : 3
}
