{
  "originHash" : "c9ae7229025667294e2fb6d6eca4575f7261c86622e65df98f53c3074c9e2a38",
  "pins" : [
    {
      "identity" : "contextmenu",
      "kind" : "remoteSourceControl",
      "location" : "https://github.com/nukakmetro/ContextMenu",
      "state" : {
        "revision" : "7f46a295bcfa30e9c3212df9fb3482ff08fad445",
        "version" : "1.0.3"
      }
    }
  ],
  "version" : 3
}
